// !$*UTF8*$!
{
	archiveVersion = 1;
	classes = {
	};
	objectVersion = 46;
	objects = {

/* Begin PBXBuildFile section */
		D5DBF3691F1056FF0004B926 /* main.c in Sources */ = {isa = PBXBuildFile; fileRef = D5DBF3681F1056FF0004B926 /* main.c */; };
		D5DBF3711F10572B0004B926 /* Neuron.c in Sources */ = {isa = PBXBuildFile; fileRef = D5DBF36F1F10572B0004B926 /* Neuron.c */; };
		D5DBF3741F105CE60004B926 /* Layer.c in Sources */ = {isa = PBXBuildFile; fileRef = D5DBF3721F105CE60004B926 /* Layer.c */; };
/* End PBXBuildFile section */

/* Begin PBXCopyFilesBuildPhase section */
		D5DBF3631F1056FF0004B926 /* CopyFiles */ = {
			isa = PBXCopyFilesBuildPhase;
			buildActionMask = 2147483647;
			dstPath = /usr/share/man/man1/;
			dstSubfolderSpec = 0;
			files = (
			);
			runOnlyForDeploymentPostprocessing = 1;
		};
/* End PBXCopyFilesBuildPhase section */

/* Begin PBXFileReference section */
		D5DBF3651F1056FF0004B926 /* neural_net */ = {isa = PBXFileReference; explicitFileType = "compiled.mach-o.executable"; includeInIndex = 0; path = neural_net; sourceTree = BUILT_PRODUCTS_DIR; };
		D5DBF3681F1056FF0004B926 /* main.c */ = {isa = PBXFileReference; lastKnownFileType = sourcecode.c.c; path = main.c; sourceTree = "<group>"; };
		D5DBF36F1F10572B0004B926 /* Neuron.c */ = {isa = PBXFileReference; fileEncoding = 4; lastKnownFileType = sourcecode.c.c; path = Neuron.c; sourceTree = "<group>"; };
		D5DBF3701F10572B0004B926 /* Neuron.h */ = {isa = PBXFileReference; fileEncoding = 4; lastKnownFileType = sourcecode.c.h; path = Neuron.h; sourceTree = "<group>"; };
		D5DBF3721F105CE60004B926 /* Layer.c */ = {isa = PBXFileReference; fileEncoding = 4; lastKnownFileType = sourcecode.c.c; path = Layer.c; sourceTree = "<group>"; };
		D5DBF3731F105CE60004B926 /* Layer.h */ = {isa = PBXFileReference; fileEncoding = 4; lastKnownFileType = sourcecode.c.h; path = Layer.h; sourceTree = "<group>"; };
/* End PBXFileReference section */

/* Begin PBXFrameworksBuildPhase section */
		D5DBF3621F1056FF0004B926 /* Frameworks */ = {
			isa = PBXFrameworksBuildPhase;
			buildActionMask = 2147483647;
			files = (
			);
			runOnlyForDeploymentPostprocessing = 0;
		};
/* End PBXFrameworksBuildPhase section */

/* Begin PBXGroup section */
		D5DBF35C1F1056FF0004B926 = {
			isa = PBXGroup;
			children = (
				D5DBF3671F1056FF0004B926 /* neural_net */,
				D5DBF3661F1056FF0004B926 /* Products */,
			);
			sourceTree = "<group>";
		};
		D5DBF3661F1056FF0004B926 /* Products */ = {
			isa = PBXGroup;
			children = (
				D5DBF3651F1056FF0004B926 /* neural_net */,
			);
			name = Products;
			sourceTree = "<group>";
		};
		D5DBF3671F1056FF0004B926 /* neural_net */ = {
			isa = PBXGroup;
			children = (
				D5DBF3681F1056FF0004B926 /* main.c */,
				D5DBF36F1F10572B0004B926 /* Neuron.c */,
				D5DBF3701F10572B0004B926 /* Neuron.h */,
				D5DBF3721F105CE60004B926 /* Layer.c */,
				D5DBF3731F105CE60004B926 /* Layer.h */,
			);
			path = neural_net;
			sourceTree = "<group>";
		};
/* End PBXGroup section */

/* Begin PBXNativeTarget section */
		D5DBF3641F1056FF0004B926 /* neural_net */ = {
			isa = PBXNativeTarget;
			buildConfigurationList = D5DBF36C1F1056FF0004B926 /* Build configuration list for PBXNativeTarget "neural_net" */;
			buildPhases = (
				D5DBF3611F1056FF0004B926 /* Sources */,
				D5DBF3621F1056FF0004B926 /* Frameworks */,
				D5DBF3631F1056FF0004B926 /* CopyFiles */,
			);
			buildRules = (
			);
			dependencies = (
			);
			name = neural_net;
			productName = neural_net;
			productReference = D5DBF3651F1056FF0004B926 /* neural_net */;
			productType = "com.apple.product-type.tool";
		};
/* End PBXNativeTarget section */

/* Begin PBXProject section */
		D5DBF35D1F1056FF0004B926 /* Project object */ = {
			isa = PBXProject;
			attributes = {
				LastUpgradeCheck = 0830;
				ORGANIZATIONNAME = "Emily Melhuish";
				TargetAttributes = {
					D5DBF3641F1056FF0004B926 = {
						CreatedOnToolsVersion = 8.3.3;
						ProvisioningStyle = Automatic;
					};
				};
			};
			buildConfigurationList = D5DBF3601F1056FF0004B926 /* Build configuration list for PBXProject "neural_net" */;
			compatibilityVersion = "Xcode 3.2";
			developmentRegion = English;
			hasScannedForEncodings = 0;
			knownRegions = (
				en,
			);
			mainGroup = D5DBF35C1F1056FF0004B926;
			productRefGroup = D5DBF3661F1056FF0004B926 /* Products */;
			projectDirPath = "";
			projectRoot = "";
			targets = (
				D5DBF3641F1056FF0004B926 /* neural_net */,
			);
		};
/* End PBXProject section */

/* Begin PBXSourcesBuildPhase section */
		D5DBF3611F1056FF0004B926 /* Sources */ = {
			isa = PBXSourcesBuildPhase;
			buildActionMask = 2147483647;
			files = (
				D5DBF3741F105CE60004B926 /* Layer.c in Sources */,
				D5DBF3711F10572B0004B926 /* Neuron.c in Sources */,
				D5DBF3691F1056FF0004B926 /* main.c in Sources */,
			);
			runOnlyForDeploymentPostprocessing = 0;
		};
/* End PBXSourcesBuildPhase section */

/* Begin XCBuildConfiguration section */
		D5DBF36A1F1056FF0004B926 /* Debug */ = {
			isa = XCBuildConfiguration;
			buildSettings = {
				ALWAYS_SEARCH_USER_PATHS = NO;
				CLANG_ANALYZER_NONNULL = YES;
				CLANG_ANALYZER_NUMBER_OBJECT_CONVERSION = YES_AGGRESSIVE;
				CLANG_CXX_LANGUAGE_STANDARD = "gnu++0x";
				CLANG_CXX_LIBRARY = "libc++";
				CLANG_ENABLE_MODULES = YES;
				CLANG_ENABLE_OBJC_ARC = YES;
				CLANG_WARN_BOOL_CONVERSION = YES;
				CLANG_WARN_CONSTANT_CONVERSION = YES;
				CLANG_WARN_DIRECT_OBJC_ISA_USAGE = YES_ERROR;
				CLANG_WARN_DOCUMENTATION_COMMENTS = YES;
				CLANG_WARN_EMPTY_BODY = YES;
				CLANG_WARN_ENUM_CONVERSION = YES;
				CLANG_WARN_INFINITE_RECURSION = YES;
				CLANG_WARN_INT_CONVERSION = YES;
				CLANG_WARN_OBJC_ROOT_CLASS = YES_ERROR;
				CLANG_WARN_SUSPICIOUS_MOVE = YES;
				CLANG_WARN_UNREACHABLE_CODE = YES;
				CLANG_WARN__DUPLICATE_METHOD_MATCH = YES;
				CODE_SIGN_IDENTITY = "-";
				COPY_PHASE_STRIP = NO;
				DEBUG_INFORMATION_FORMAT = dwarf;
				ENABLE_STRICT_OBJC_MSGSEND = YES;
				ENABLE_TESTABILITY = YES;
				GCC_C_LANGUAGE_STANDARD = gnu99;
				GCC_DYNAMIC_NO_PIC = NO;
				GCC_NO_COMMON_BLOCKS = YES;
				GCC_OPTIMIZATION_LEVEL = 0;
				GCC_PREPROCESSOR_DEFINITIONS = (
					"DEBUG=1",
					"$(inherited)",
				);
				GCC_WARN_64_TO_32_BIT_CONVERSION = YES;
				GCC_WARN_ABOUT_RETURN_TYPE = YES_ERROR;
				GCC_WARN_UNDECLARED_SELECTOR = YES;
				GCC_WARN_UNINITIALIZED_AUTOS = YES_AGGRESSIVE;
				GCC_WARN_UNUSED_FUNCTION = YES;
				GCC_WARN_UNUSED_VARIABLE = YES;
				MACOSX_DEPLOYMENT_TARGET = 10.12;
				MTL_ENABLE_DEBUG_INFO = YES;
				ONLY_ACTIVE_ARCH = YES;
				SDKROOT = macosx;
			};
			name = Debug;
		};
		D5DBF36B1F1056FF0004B926 /* Release */ = {
			isa = XCBuildConfiguration;
			buildSettings = {
				ALWAYS_SEARCH_USER_PATHS = NO;
				CLANG_ANALYZER_NONNULL = YES;
				CLANG_ANALYZER_NUMBER_OBJECT_CONVERSION = YES_AGGRESSIVE;
				CLANG_CXX_LANGUAGE_STANDARD = "gnu++0x";
				CLANG_CXX_LIBRARY = "libc++";
				CLANG_ENABLE_MODULES = YES;
				CLANG_ENABLE_OBJC_ARC = YES;
				CLANG_WARN_BOOL_CONVERSION = YES;
				CLANG_WARN_CONSTANT_CONVERSION = YES;
				CLANG_WARN_DIRECT_OBJC_ISA_USAGE = YES_ERROR;
				CLANG_WARN_DOCUMENTATION_COMMENTS = YES;
				CLANG_WARN_EMPTY_BODY = YES;
				CLANG_WARN_ENUM_CONVERSION = YES;
				CLANG_WARN_INFINITE_RECURSION = YES;
				CLANG_WARN_INT_CONVERSION = YES;
				CLANG_WARN_OBJC_ROOT_CLASS = YES_ERROR;
				CLANG_WARN_SUSPICIOUS_MOVE = YES;
				CLANG_WARN_UNREACHABLE_CODE = YES;
				CLANG_WARN__DUPLICATE_METHOD_MATCH = YES;
				CODE_SIGN_IDENTITY = "-";
				COPY_PHASE_STRIP = NO;
				DEBUG_INFORMATION_FORMAT = "dwarf-with-dsym";
				ENABLE_NS_ASSERTIONS = NO;
				ENABLE_STRICT_OBJC_MSGSEND = YES;
				GCC_C_LANGUAGE_STANDARD = gnu99;
				GCC_NO_COMMON_BLOCKS = YES;
				GCC_WARN_64_TO_32_BIT_CONVERSION = YES;
				GCC_WARN_ABOUT_RETURN_TYPE = YES_ERROR;
				GCC_WARN_UNDECLARED_SELECTOR = YES;
				GCC_WARN_UNINITIALIZED_AUTOS = YES_AGGRESSIVE;
				GCC_WARN_UNUSED_FUNCTION = YES;
				GCC_WARN_UNUSED_VARIABLE = YES;
				MACOSX_DEPLOYMENT_TARGET = 10.12;
				MTL_ENABLE_DEBUG_INFO = NO;
				SDKROOT = macosx;
			};
			name = Release;
		};
		D5DBF36D1F1056FF0004B926 /* Debug */ = {
			isa = XCBuildConfiguration;
			buildSettings = {
				PRODUCT_NAME = "$(TARGET_NAME)";
			};
			name = Debug;
		};
		D5DBF36E1F1056FF0004B926 /* Release */ = {
			isa = XCBuildConfiguration;
			buildSettings = {
				PRODUCT_NAME = "$(TARGET_NAME)";
			};
			name = Release;
		};
/* End XCBuildConfiguration section */

/* Begin XCConfigurationList section */
		D5DBF3601F1056FF0004B926 /* Build configuration list for PBXProject "neural_net" */ = {
			isa = XCConfigurationList;
			buildConfigurations = (
				D5DBF36A1F1056FF0004B926 /* Debug */,
				D5DBF36B1F1056FF0004B926 /* Release */,
			);
			defaultConfigurationIsVisible = 0;
			defaultConfigurationName = Release;
		};
		D5DBF36C1F1056FF0004B926 /* Build configuration list for PBXNativeTarget "neural_net" */ = {
			isa = XCConfigurationList;
			buildConfigurations = (
				D5DBF36D1F1056FF0004B926 /* Debug */,
				D5DBF36E1F1056FF0004B926 /* Release */,
			);
			defaultConfigurationIsVisible = 0;
		};
/* End XCConfigurationList section */
	};
	rootObject = D5DBF35D1F1056FF0004B926 /* Project object */;
}
